
Microsoft Visual Studio Solution File, Format Version 12.00
# Visual Studio Version 17
VisualStudioVersion = 17.2.32519.379
MinimumVisualStudioVersion = 10.0.40219.1
Project("{9A19103F-16F7-4668-BE54-9A1E7A4F7556}") = "View", "Contacts\View.csproj", "{CCECA498-E6AF-4F90-A819-00EA907CF7A8}"
EndProject
Project("{FAE04EC0-301F-11D3-BF4B-00C04F79EFBC}") = "Model", "Model\Model.csproj", "{8F910E82-41E9-4A90-848B-8F14FD5EEE47}"
EndProject
Project("{FAE04EC0-301F-11D3-BF4B-00C04F79EFBC}") = "ViewModel", "ViewModel\ViewModel.csproj", "{17E3F4FC-A1AA-4F18-A6C5-6DB8D992223F}"
EndProject
Global
	GlobalSection(SolutionConfigurationPlatforms) = preSolution
		Debug|Any CPU = Debug|Any CPU
		Release|Any CPU = Release|Any CPU
	EndGlobalSection
	GlobalSection(ProjectConfigurationPlatforms) = postSolution
		{CCECA498-E6AF-4F90-A819-00EA907CF7A8}.Debug|Any CPU.ActiveCfg = Debug|Any CPU
		{CCECA498-E6AF-4F90-A819-00EA907CF7A8}.Debug|Any CPU.Build.0 = Debug|Any CPU
		{CCECA498-E6AF-4F90-A819-00EA907CF7A8}.Release|Any CPU.ActiveCfg = Release|Any CPU
		{CCECA498-E6AF-4F90-A819-00EA907CF7A8}.Release|Any CPU.Build.0 = Release|Any CPU
		{8F910E82-41E9-4A90-848B-8F14FD5EEE47}.Debug|Any CPU.ActiveCfg = Debug|Any CPU
		{8F910E82-41E9-4A90-848B-8F14FD5EEE47}.Debug|Any CPU.Build.0 = Debug|Any CPU
		{8F910E82-41E9-4A90-848B-8F14FD5EEE47}.Release|Any CPU.ActiveCfg = Release|Any CPU
		{8F910E82-41E9-4A90-848B-8F14FD5EEE47}.Release|Any CPU.Build.0 = Release|Any CPU
		{17E3F4FC-A1AA-4F18-A6C5-6DB8D992223F}.Debug|Any CPU.ActiveCfg = Debug|Any CPU
		{17E3F4FC-A1AA-4F18-A6C5-6DB8D992223F}.Debug|Any CPU.Build.0 = Debug|Any CPU
		{17E3F4FC-A1AA-4F18-A6C5-6DB8D992223F}.Release|Any CPU.ActiveCfg = Release|Any CPU
		{17E3F4FC-A1AA-4F18-A6C5-6DB8D992223F}.Release|Any CPU.Build.0 = Release|Any CPU
	EndGlobalSection
	GlobalSection(SolutionProperties) = preSolution
		HideSolutionNode = FALSE
	EndGlobalSection
	GlobalSection(ExtensibilityGlobals) = postSolution
		SolutionGuid = {4C2A98C4-CBE8-49CB-B8CF-D625B853B283}
	EndGlobalSection
EndGlobal
